
Microsoft Visual Studio Solution File, Format Version 12.00
# Visual Studio 2017
Project("{FAE04EC0-301F-11D3-BF4B-00C04F79EFBC}") = "Game2d", "Game2d.csproj", "{16B59BD4-371B-9788-1926-CA41FED4FD86}"
EndProject
Project("{FAE04EC0-301F-11D3-BF4B-00C04F79EFBC}") = "Game2d.Editor", "Game2d.Editor.csproj", "{C606E3FE-D9E1-1E42-C64C-5E676D7AE5E5}"
EndProject
Global
	GlobalSection(SolutionConfigurationPlatforms) = preSolution
		Debug|Any CPU = Debug|Any CPU
		Release|Any CPU = Release|Any CPU
	EndGlobalSection
	GlobalSection(ProjectConfigurationPlatforms) = postSolution
		{16B59BD4-371B-9788-1926-CA41FED4FD86}.Debug|Any CPU.ActiveCfg = Debug|Any CPU
		{16B59BD4-371B-9788-1926-CA41FED4FD86}.Debug|Any CPU.Build.0 = Debug|Any CPU
		{16B59BD4-371B-9788-1926-CA41FED4FD86}.Release|Any CPU.ActiveCfg = Release|Any CPU
		{16B59BD4-371B-9788-1926-CA41FED4FD86}.Release|Any CPU.Build.0 = Release|Any CPU
		{C606E3FE-D9E1-1E42-C64C-5E676D7AE5E5}.Debug|Any CPU.ActiveCfg = Debug|Any CPU
		{C606E3FE-D9E1-1E42-C64C-5E676D7AE5E5}.Debug|Any CPU.Build.0 = Debug|Any CPU
		{C606E3FE-D9E1-1E42-C64C-5E676D7AE5E5}.Release|Any CPU.ActiveCfg = Release|Any CPU
		{C606E3FE-D9E1-1E42-C64C-5E676D7AE5E5}.Release|Any CPU.Build.0 = Release|Any CPU
	EndGlobalSection
	GlobalSection(SolutionProperties) = preSolution
		HideSolutionNode = FALSE
	EndGlobalSection
EndGlobal
